
Microsoft Visual Studio Solution File, Format Version 12.00
# Visual Studio Version 17
VisualStudioVersion = 17.8.34330.188
MinimumVisualStudioVersion = 10.0.40219.1
Project("{FAE04EC0-301F-11D3-BF4B-00C04F79EFBC}") = "chaos-console", "chaos-console\chaos-console.csproj", "{846934E0-13EA-4C7A-B3CE-E2AAFA2EC39D}"
EndProject
Global
	GlobalSection(SolutionConfigurationPlatforms) = preSolution
		Debug|Any CPU = Debug|Any CPU
		Release|Any CPU = Release|Any CPU
	EndGlobalSection
	GlobalSection(ProjectConfigurationPlatforms) = postSolution
		{846934E0-13EA-4C7A-B3CE-E2AAFA2EC39D}.Debug|Any CPU.ActiveCfg = Debug|Any CPU
		{846934E0-13EA-4C7A-B3CE-E2AAFA2EC39D}.Debug|Any CPU.Build.0 = Debug|Any CPU
		{846934E0-13EA-4C7A-B3CE-E2AAFA2EC39D}.Release|Any CPU.ActiveCfg = Release|Any CPU
		{846934E0-13EA-4C7A-B3CE-E2AAFA2EC39D}.Release|Any CPU.Build.0 = Release|Any CPU
	EndGlobalSection
	GlobalSection(SolutionProperties) = preSolution
		HideSolutionNode = FALSE
	EndGlobalSection
	GlobalSection(ExtensibilityGlobals) = postSolution
		SolutionGuid = {C463F35A-CACF-4326-83DA-7B70BE46A23E}
	EndGlobalSection
EndGlobal
